Microsoft Visual Studio Solution File, Format Version 12.00
# Visual Studio Version 17
VisualStudioVersion = 17.5.2.0
MinimumVisualStudioVersion = 10.0.40219.1
Project("{FAE04EC0-301F-11D3-BF4B-00C04F79EFBC}") = "RequisitionSystem", "RequisitionSystem.csproj", "{9AEAC0D3-27D1-A9A4-48B1-CC11AC9F5F8E}"
EndProject
Global
	GlobalSection(SolutionConfigurationPlatforms) = preSolution
		Debug|Any CPU = Debug|Any CPU
		Release|Any CPU = Release|Any CPU
	EndGlobalSection
	GlobalSection(ProjectConfigurationPlatforms) = postSolution
		{9AEAC0D3-27D1-A9A4-48B1-CC11AC9F5F8E}.Debug|Any CPU.ActiveCfg = Debug|Any CPU
		{9AEAC0D3-27D1-A9A4-48B1-CC11AC9F5F8E}.Debug|Any CPU.Build.0 = Debug|Any CPU
		{9AEAC0D3-27D1-A9A4-48B1-CC11AC9F5F8E}.Release|Any CPU.ActiveCfg = Release|Any CPU
		{9AEAC0D3-27D1-A9A4-48B1-CC11AC9F5F8E}.Release|Any CPU.Build.0 = Release|Any CPU
	EndGlobalSection
	GlobalSection(SolutionProperties) = preSolution
		HideSolutionNode = FALSE
	EndGlobalSection
	GlobalSection(ExtensibilityGlobals) = postSolution
		SolutionGuid = {4A9EB3A0-E6DA-4E8D-A763-AA64C4788AE1}
	EndGlobalSection
EndGlobal
